
Microsoft Visual Studio Solution File, Format Version 12.00
# Visual Studio Version 16
VisualStudioVersion = 16.0.31729.503
MinimumVisualStudioVersion = 10.0.40219.1
Project("{FAE04EC0-301F-11D3-BF4B-00C04F79EFBC}") = "otelotomasyonu", "otelotomasyonu\otelotomasyonu.csproj", "{7E5B5886-19F5-4593-8E50-A7312FA49BF0}"
EndProject
Global
	GlobalSection(SolutionConfigurationPlatforms) = preSolution
		Debug|Any CPU = Debug|Any CPU
		Release|Any CPU = Release|Any CPU
	EndGlobalSection
	GlobalSection(ProjectConfigurationPlatforms) = postSolution
		{7E5B5886-19F5-4593-8E50-A7312FA49BF0}.Debug|Any CPU.ActiveCfg = Debug|Any CPU
		{7E5B5886-19F5-4593-8E50-A7312FA49BF0}.Debug|Any CPU.Build.0 = Debug|Any CPU
		{7E5B5886-19F5-4593-8E50-A7312FA49BF0}.Release|Any CPU.ActiveCfg = Release|Any CPU
		{7E5B5886-19F5-4593-8E50-A7312FA49BF0}.Release|Any CPU.Build.0 = Release|Any CPU
	EndGlobalSection
	GlobalSection(SolutionProperties) = preSolution
		HideSolutionNode = FALSE
	EndGlobalSection
	GlobalSection(ExtensibilityGlobals) = postSolution
		SolutionGuid = {91E953A2-9732-4C83-8F36-530D55CB2084}
	EndGlobalSection
EndGlobal
